
Microsoft Visual Studio Solution File, Format Version 12.00
# Visual Studio Version 17
VisualStudioVersion = 17.5.002.0
MinimumVisualStudioVersion = 10.0.40219.1
Project("{9A19103F-16F7-4668-BE54-9A1E7A4F7556}") = "todolist-dotnet", "todolist-dotnet.csproj", "{89A95161-7A2D-4E6C-9514-CB8F9B2678A3}"
EndProject
Global
	GlobalSection(SolutionConfigurationPlatforms) = preSolution
		Debug|Any CPU = Debug|Any CPU
		Release|Any CPU = Release|Any CPU
	EndGlobalSection
	GlobalSection(ProjectConfigurationPlatforms) = postSolution
		{89A95161-7A2D-4E6C-9514-CB8F9B2678A3}.Debug|Any CPU.ActiveCfg = Debug|Any CPU
		{89A95161-7A2D-4E6C-9514-CB8F9B2678A3}.Debug|Any CPU.Build.0 = Debug|Any CPU
		{89A95161-7A2D-4E6C-9514-CB8F9B2678A3}.Release|Any CPU.ActiveCfg = Release|Any CPU
		{89A95161-7A2D-4E6C-9514-CB8F9B2678A3}.Release|Any CPU.Build.0 = Release|Any CPU
	EndGlobalSection
	GlobalSection(SolutionProperties) = preSolution
		HideSolutionNode = FALSE
	EndGlobalSection
	GlobalSection(ExtensibilityGlobals) = postSolution
		SolutionGuid = {317BB9A2-2B69-4A51-A03E-7BDC8743B07B}
	EndGlobalSection
EndGlobal
